{
  "name": "js",
  "version": "1.0.0",
  "lockfileVersion": 3,
  "requires": true,
  "packages": {
    "": {
      "name": "js",
      "version": "1.0.0",
      "license": "ISC",
      "dependencies": {
        "@bufbuild/protobuf": "^2.16.0"
      }
    },
    "node_modules/@bufbuild/protobuf": {
      "version": "2.16.0",
      "resolved": "https://registry.npmjs.org/@bufbuild/protobuf/-/protobuf-2.16.0.tgz",
      "integrity": "sha512-FWa0sPlqYGJgpTs6OxBRcL/AW4JT0OIO+W1ajerluoTVh8CV0B7XM1qsNCRgnkSCkRCgOICKHRQlY17jrsm0+Q==",
      "license": "(Apache-2.0 AND BSD-3-Clause)"
    }
  }
}
